
Microsoft Visual Studio Solution File, Format Version 12.00
# Visual Studio Version 17
VisualStudioVersion = 17.6.33723.286
MinimumVisualStudioVersion = 10.0.40219.1
Project("{FAE04EC0-301F-11D3-BF4B-00C04F79EFBC}") = "HotelReservationSystem", "HotelReservationSystem\HotelReservationSystem.csproj", "{75104BB8-0196-41AD-8CE9-BD7C8A16C3A0}"
EndProject
Project("{FAE04EC0-301F-11D3-BF4B-00C04F79EFBC}") = "HotelReservationSystemData", "HotelReservationSystemData\HotelReservationSystemData.csproj", "{9EE11415-53DB-47AE-A840-60DC691E3F0D}"
EndProject
Global
	GlobalSection(SolutionConfigurationPlatforms) = preSolution
		Debug|Any CPU = Debug|Any CPU
		Release|Any CPU = Release|Any CPU
	EndGlobalSection
	GlobalSection(ProjectConfigurationPlatforms) = postSolution
		{75104BB8-0196-41AD-8CE9-BD7C8A16C3A0}.Debug|Any CPU.ActiveCfg = Debug|Any CPU
		{75104BB8-0196-41AD-8CE9-BD7C8A16C3A0}.Debug|Any CPU.Build.0 = Debug|Any CPU
		{75104BB8-0196-41AD-8CE9-BD7C8A16C3A0}.Release|Any CPU.ActiveCfg = Release|Any CPU
		{75104BB8-0196-41AD-8CE9-BD7C8A16C3A0}.Release|Any CPU.Build.0 = Release|Any CPU
		{9EE11415-53DB-47AE-A840-60DC691E3F0D}.Debug|Any CPU.ActiveCfg = Debug|Any CPU
		{9EE11415-53DB-47AE-A840-60DC691E3F0D}.Debug|Any CPU.Build.0 = Debug|Any CPU
		{9EE11415-53DB-47AE-A840-60DC691E3F0D}.Release|Any CPU.ActiveCfg = Release|Any CPU
		{9EE11415-53DB-47AE-A840-60DC691E3F0D}.Release|Any CPU.Build.0 = Release|Any CPU
	EndGlobalSection
	GlobalSection(SolutionProperties) = preSolution
		HideSolutionNode = FALSE
	EndGlobalSection
	GlobalSection(ExtensibilityGlobals) = postSolution
		SolutionGuid = {568B3670-7170-4074-AAB9-408D3FA603CD}
	EndGlobalSection
EndGlobal
